
Microsoft Visual Studio Solution File, Format Version 12.00
# Visual Studio 15
VisualStudioVersion = 15.0.27428.2037
MinimumVisualStudioVersion = 10.0.40219.1
Project("{8BC9CEB8-8B4A-11D0-8D11-00A0C91BC942}") = "RemoteCodeRepository", "RemoteCodeRepository\RemoteCodeRepository.vcxproj", "{CD5FC83A-B08B-4D36-9775-C51944C672DE}"
EndProject
Project("{8BC9CEB8-8B4A-11D0-8D11-00A0C91BC942}") = "DateTime", "NoSqlDb\DateTime\DateTime.vcxproj", "{C1E1F450-B7E1-4796-84D5-7D3C831DFF68}"
EndProject
Project("{8BC9CEB8-8B4A-11D0-8D11-00A0C91BC942}") = "DbCore", "NoSqlDb\DbCore\DbCore.vcxproj", "{9EDDB1B5-90E6-4D4F-8B3B-DBA3E3FFDB7A}"
EndProject
Project("{8BC9CEB8-8B4A-11D0-8D11-00A0C91BC942}") = "TestCore", "NoSqlDb\TestCore\TestCore.vcxproj", "{0987B4D8-7EC7-4AE6-BA6C-4CB5E71C5F55}"
EndProject
Project("{8BC9CEB8-8B4A-11D0-8D11-00A0C91BC942}") = "DbPayloads", "NoSqlDb\Payloads\Payloads.vcxproj", "{A2EAF7F6-8420-410F-BD91-8B3E7C91E781}"
EndProject
Project("{8BC9CEB8-8B4A-11D0-8D11-00A0C91BC942}") = "XmlDocument", "NoSqlDb\XmlDocument\XmlDocument\XmlDocument.vcxproj", "{0A82ECDC-7520-453A-8F2C-D813FEEE7537}"
EndProject
Project("{8BC9CEB8-8B4A-11D0-8D11-00A0C91BC942}") = "XmlElement", "NoSqlDb\XmlDocument\XmlElement\XmlElement.vcxproj", "{406B7BC4-3A0D-4E79-A55F-39E1FB33A5ED}"
EndProject
Project("{8BC9CEB8-8B4A-11D0-8D11-00A0C91BC942}") = "FileSystemDemo", "SoftwareRepository\FileSystemDemo\FileSystemDemo.vcxproj", "{EF4A3188-CA93-45A2-AB52-7548669E3AA8}"
EndProject
Project("{8BC9CEB8-8B4A-11D0-8D11-00A0C91BC942}") = "FileResource", "SoftwareRepository\FileResource\FileResource.vcxproj", "{ECDAF270-DD9A-476B-8812-F8263EA34D91}"
EndProject
Project("{8BC9CEB8-8B4A-11D0-8D11-00A0C91BC942}") = "RepoUtilities", "SoftwareRepository\RepoUtilities\RepoUtilities.vcxproj", "{45534908-710F-4F0F-A2F1-CB9F225AAD61}"
EndProject
Project("{8BC9CEB8-8B4A-11D0-8D11-00A0C91BC942}") = "VersionMgr", "SoftwareRepository\VersionMgr\VersionMgr.vcxproj", "{DAE07003-C488-4CBE-A94B-9A5462232349}"
EndProject
Project("{8BC9CEB8-8B4A-11D0-8D11-00A0C91BC942}") = "RepoStore", "SoftwareRepository\RepoStore\RepoStore.vcxproj", "{E67B0776-04D5-46ED-94A0-CAD579B2D603}"
EndProject
Project("{2150E333-8FDC-42A3-9474-1A3956D46DE8}") = "Solution Items", "Solution Items", "{92A586AA-921F-470E-A2C6-4A921508FA27}"
EndProject
Project("{8BC9CEB8-8B4A-11D0-8D11-00A0C91BC942}") = "ResourcePropertiesDb", "SoftwareRepository\ResourcePropertiesDb\ResourcePropertiesDb.vcxproj", "{2B26E79C-0B95-47AF-ACBD-7DE0EFA0EE0F}"
EndProject
Project("{8BC9CEB8-8B4A-11D0-8D11-00A0C91BC942}") = "CheckInMgr", "SoftwareRepository\CheckInMgr\CheckInMgr.vcxproj", "{F5B0B9BC-902E-4C81-93FF-12ED1A13156C}"
EndProject
Project("{8BC9CEB8-8B4A-11D0-8D11-00A0C91BC942}") = "CheckOutMgr", "SoftwareRepository\CheckOutMgr\CheckOutMgr.vcxproj", "{E5CC68D0-6E5F-4D36-8943-46579BCD531A}"
EndProject
Project("{8BC9CEB8-8B4A-11D0-8D11-00A0C91BC942}") = "RepoBrowser", "SoftwareRepository\RepoBrowser\RepoBrowser.vcxproj", "{B7B22EF3-FB8E-4E9F-BF7F-02EC9350CB8E}"
EndProject
Project("{8BC9CEB8-8B4A-11D0-8D11-00A0C91BC942}") = "RepoCore", "SoftwareRepository\RepoCore\RepoCore.vcxproj", "{470FECDE-DB8A-4B87-B659-12AD248A13B0}"
EndProject
Project("{8BC9CEB8-8B4A-11D0-8D11-00A0C91BC942}") = "ResourceProperties", "SoftwareRepository\ResourceProperties\ResourceProperties.vcxproj", "{03D57935-8260-44C9-BBD1-95FEC4936494}"
EndProject
Global
	GlobalSection(SolutionConfigurationPlatforms) = preSolution
		Debug|x64 = Debug|x64
		Debug|x86 = Debug|x86
		Release|x64 = Release|x64
		Release|x86 = Release|x86
	EndGlobalSection
	GlobalSection(ProjectConfigurationPlatforms) = postSolution
		{CD5FC83A-B08B-4D36-9775-C51944C672DE}.Debug|x64.ActiveCfg = Debug|x64
		{CD5FC83A-B08B-4D36-9775-C51944C672DE}.Debug|x64.Build.0 = Debug|x64
		{CD5FC83A-B08B-4D36-9775-C51944C672DE}.Debug|x86.ActiveCfg = Debug|Win32
		{CD5FC83A-B08B-4D36-9775-C51944C672DE}.Debug|x86.Build.0 = Debug|Win32
		{CD5FC83A-B08B-4D36-9775-C51944C672DE}.Release|x64.ActiveCfg = Release|x64
		{CD5FC83A-B08B-4D36-9775-C51944C672DE}.Release|x64.Build.0 = Release|x64
		{CD5FC83A-B08B-4D36-9775-C51944C672DE}.Release|x86.ActiveCfg = Release|Win32
		{CD5FC83A-B08B-4D36-9775-C51944C672DE}.Release|x86.Build.0 = Release|Win32
		{C1E1F450-B7E1-4796-84D5-7D3C831DFF68}.Debug|x64.ActiveCfg = Debug|x64
		{C1E1F450-B7E1-4796-84D5-7D3C831DFF68}.Debug|x64.Build.0 = Debug|x64
		{C1E1F450-B7E1-4796-84D5-7D3C831DFF68}.Debug|x86.ActiveCfg = Debug|Win32
		{C1E1F450-B7E1-4796-84D5-7D3C831DFF68}.Debug|x86.Build.0 = Debug|Win32
		{C1E1F450-B7E1-4796-84D5-7D3C831DFF68}.Release|x64.ActiveCfg = Release|x64
		{C1E1F450-B7E1-4796-84D5-7D3C831DFF68}.Release|x64.Build.0 = Release|x64
		{C1E1F450-B7E1-4796-84D5-7D3C831DFF68}.Release|x86.ActiveCfg = Release|Win32
		{C1E1F450-B7E1-4796-84D5-7D3C831DFF68}.Release|x86.Build.0 = Release|Win32
		{9EDDB1B5-90E6-4D4F-8B3B-DBA3E3FFDB7A}.Debug|x64.ActiveCfg = Debug|x64
		{9EDDB1B5-90E6-4D4F-8B3B-DBA3E3FFDB7A}.Debug|x64.Build.0 = Debug|x64
		{9EDDB1B5-90E6-4D4F-8B3B-DBA3E3FFDB7A}.Debug|x86.ActiveCfg = Debug|Win32
		{9EDDB1B5-90E6-4D4F-8B3B-DBA3E3FFDB7A}.Debug|x86.Build.0 = Debug|Win32
		{9EDDB1B5-90E6-4D4F-8B3B-DBA3E3FFDB7A}.Release|x64.ActiveCfg = Release|x64
		{9EDDB1B5-90E6-4D4F-8B3B-DBA3E3FFDB7A}.Release|x64.Build.0 = Release|x64
		{9EDDB1B5-90E6-4D4F-8B3B-DBA3E3FFDB7A}.Release|x86.ActiveCfg = Release|Win32
		{9EDDB1B5-90E6-4D4F-8B3B-DBA3E3FFDB7A}.Release|x86.Build.0 = Release|Win32
		{0987B4D8-7EC7-4AE6-BA6C-4CB5E71C5F55}.Debug|x64.ActiveCfg = Debug|x64
		{0987B4D8-7EC7-4AE6-BA6C-4CB5E71C5F55}.Debug|x64.Build.0 = Debug|x64
		{0987B4D8-7EC7-4AE6-BA6C-4CB5E71C5F55}.Debug|x86.ActiveCfg = Debug|Win32
		{0987B4D8-7EC7-4AE6-BA6C-4CB5E71C5F55}.Debug|x86.Build.0 = Debug|Win32
		{0987B4D8-7EC7-4AE6-BA6C-4CB5E71C5F55}.Release|x64.ActiveCfg = Release|x64
		{0987B4D8-7EC7-4AE6-BA6C-4CB5E71C5F55}.Release|x64.Build.0 = Release|x64
		{0987B4D8-7EC7-4AE6-BA6C-4CB5E71C5F55}.Release|x86.ActiveCfg = Release|Win32
		{0987B4D8-7EC7-4AE6-BA6C-4CB5E71C5F55}.Release|x86.Build.0 = Release|Win32
		{A2EAF7F6-8420-410F-BD91-8B3E7C91E781}.Debug|x64.ActiveCfg = Debug|x64
		{A2EAF7F6-8420-410F-BD91-8B3E7C91E781}.Debug|x64.Build.0 = Debug|x64
		{A2EAF7F6-8420-410F-BD91-8B3E7C91E781}.Debug|x86.ActiveCfg = Debug|Win32
		{A2EAF7F6-8420-410F-BD91-8B3E7C91E781}.Debug|x86.Build.0 = Debug|Win32
		{A2EAF7F6-8420-410F-BD91-8B3E7C91E781}.Release|x64.ActiveCfg = Release|x64
		{A2EAF7F6-8420-410F-BD91-8B3E7C91E781}.Release|x64.Build.0 = Release|x64
		{A2EAF7F6-8420-410F-BD91-8B3E7C91E781}.Release|x86.ActiveCfg = Release|Win32
		{A2EAF7F6-8420-410F-BD91-8B3E7C91E781}.Release|x86.Build.0 = Release|Win32
		{0A82ECDC-7520-453A-8F2C-D813FEEE7537}.Debug|x64.ActiveCfg = Debug|Win32
		{0A82ECDC-7520-453A-8F2C-D813FEEE7537}.Debug|x86.ActiveCfg = Debug|Win32
		{0A82ECDC-7520-453A-8F2C-D813FEEE7537}.Debug|x86.Build.0 = Debug|Win32
		{0A82ECDC-7520-453A-8F2C-D813FEEE7537}.Release|x64.ActiveCfg = Release|Win32
		{0A82ECDC-7520-453A-8F2C-D813FEEE7537}.Release|x86.ActiveCfg = Release|Win32
		{0A82ECDC-7520-453A-8F2C-D813FEEE7537}.Release|x86.Build.0 = Release|Win32
		{406B7BC4-3A0D-4E79-A55F-39E1FB33A5ED}.Debug|x64.ActiveCfg = Debug|Win32
		{406B7BC4-3A0D-4E79-A55F-39E1FB33A5ED}.Debug|x86.ActiveCfg = Debug|Win32
		{406B7BC4-3A0D-4E79-A55F-39E1FB33A5ED}.Debug|x86.Build.0 = Debug|Win32
		{406B7BC4-3A0D-4E79-A55F-39E1FB33A5ED}.Release|x64.ActiveCfg = Release|Win32
		{406B7BC4-3A0D-4E79-A55F-39E1FB33A5ED}.Release|x86.ActiveCfg = Release|Win32
		{406B7BC4-3A0D-4E79-A55F-39E1FB33A5ED}.Release|x86.Build.0 = Release|Win32
		{EF4A3188-CA93-45A2-AB52-7548669E3AA8}.Debug|x64.ActiveCfg = Debug|Win32
		{EF4A3188-CA93-45A2-AB52-7548669E3AA8}.Debug|x86.ActiveCfg = Debug|Win32
		{EF4A3188-CA93-45A2-AB52-7548669E3AA8}.Debug|x86.Build.0 = Debug|Win32
		{EF4A3188-CA93-45A2-AB52-7548669E3AA8}.Release|x64.ActiveCfg = Release|Win32
		{EF4A3188-CA93-45A2-AB52-7548669E3AA8}.Release|x86.ActiveCfg = Release|Win32
		{EF4A3188-CA93-45A2-AB52-7548669E3AA8}.Release|x86.Build.0 = Release|Win32
		{ECDAF270-DD9A-476B-8812-F8263EA34D91}.Debug|x64.ActiveCfg = Debug|x64
		{ECDAF270-DD9A-476B-8812-F8263EA34D91}.Debug|x64.Build.0 = Debug|x64
		{ECDAF270-DD9A-476B-8812-F8263EA34D91}.Debug|x86.ActiveCfg = Debug|Win32
		{ECDAF270-DD9A-476B-8812-F8263EA34D91}.Debug|x86.Build.0 = Debug|Win32
		{ECDAF270-DD9A-476B-8812-F8263EA34D91}.Release|x64.ActiveCfg = Release|x64
		{ECDAF270-DD9A-476B-8812-F8263EA34D91}.Release|x64.Build.0 = Release|x64
		{ECDAF270-DD9A-476B-8812-F8263EA34D91}.Release|x86.ActiveCfg = Release|Win32
		{ECDAF270-DD9A-476B-8812-F8263EA34D91}.Release|x86.Build.0 = Release|Win32
		{45534908-710F-4F0F-A2F1-CB9F225AAD61}.Debug|x64.ActiveCfg = Debug|x64
		{45534908-710F-4F0F-A2F1-CB9F225AAD61}.Debug|x64.Build.0 = Debug|x64
		{45534908-710F-4F0F-A2F1-CB9F225AAD61}.Debug|x86.ActiveCfg = Debug|Win32
		{45534908-710F-4F0F-A2F1-CB9F225AAD61}.Debug|x86.Build.0 = Debug|Win32
		{45534908-710F-4F0F-A2F1-CB9F225AAD61}.Release|x64.ActiveCfg = Release|x64
		{45534908-710F-4F0F-A2F1-CB9F225AAD61}.Release|x64.Build.0 = Release|x64
		{45534908-710F-4F0F-A2F1-CB9F225AAD61}.Release|x86.ActiveCfg = Release|Win32
		{45534908-710F-4F0F-A2F1-CB9F225AAD61}.Release|x86.Build.0 = Release|Win32
		{DAE07003-C488-4CBE-A94B-9A5462232349}.Debug|x64.ActiveCfg = Debug|x64
		{DAE07003-C488-4CBE-A94B-9A5462232349}.Debug|x64.Build.0 = Debug|x64
		{DAE07003-C488-4CBE-A94B-9A5462232349}.Debug|x86.ActiveCfg = Debug|Win32
		{DAE07003-C488-4CBE-A94B-9A5462232349}.Debug|x86.Build.0 = Debug|Win32
		{DAE07003-C488-4CBE-A94B-9A5462232349}.Release|x64.ActiveCfg = Release|x64
		{DAE07003-C488-4CBE-A94B-9A5462232349}.Release|x64.Build.0 = Release|x64
		{DAE07003-C488-4CBE-A94B-9A5462232349}.Release|x86.ActiveCfg = Release|Win32
		{DAE07003-C488-4CBE-A94B-9A5462232349}.Release|x86.Build.0 = Release|Win32
		{E67B0776-04D5-46ED-94A0-CAD579B2D603}.Debug|x64.ActiveCfg = Debug|x64
		{E67B0776-04D5-46ED-94A0-CAD579B2D603}.Debug|x64.Build.0 = Debug|x64
		{E67B0776-04D5-46ED-94A0-CAD579B2D603}.Debug|x86.ActiveCfg = Debug|Win32
		{E67B0776-04D5-46ED-94A0-CAD579B2D603}.Debug|x86.Build.0 = Debug|Win32
		{E67B0776-04D5-46ED-94A0-CAD579B2D603}.Release|x64.ActiveCfg = Release|x64
		{E67B0776-04D5-46ED-94A0-CAD579B2D603}.Release|x64.Build.0 = Release|x64
		{E67B0776-04D5-46ED-94A0-CAD579B2D603}.Release|x86.ActiveCfg = Release|Win32
		{E67B0776-04D5-46ED-94A0-CAD579B2D603}.Release|x86.Build.0 = Release|Win32
		{2B26E79C-0B95-47AF-ACBD-7DE0EFA0EE0F}.Debug|x64.ActiveCfg = Debug|x64
		{2B26E79C-0B95-47AF-ACBD-7DE0EFA0EE0F}.Debug|x64.Build.0 = Debug|x64
		{2B26E79C-0B95-47AF-ACBD-7DE0EFA0EE0F}.Debug|x86.ActiveCfg = Debug|Win32
		{2B26E79C-0B95-47AF-ACBD-7DE0EFA0EE0F}.Debug|x86.Build.0 = Debug|Win32
		{2B26E79C-0B95-47AF-ACBD-7DE0EFA0EE0F}.Release|x64.ActiveCfg = Release|x64
		{2B26E79C-0B95-47AF-ACBD-7DE0EFA0EE0F}.Release|x64.Build.0 = Release|x64
		{2B26E79C-0B95-47AF-ACBD-7DE0EFA0EE0F}.Release|x86.ActiveCfg = Release|Win32
		{2B26E79C-0B95-47AF-ACBD-7DE0EFA0EE0F}.Release|x86.Build.0 = Release|Win32
		{F5B0B9BC-902E-4C81-93FF-12ED1A13156C}.Debug|x64.ActiveCfg = Debug|x64
		{F5B0B9BC-902E-4C81-93FF-12ED1A13156C}.Debug|x64.Build.0 = Debug|x64
		{F5B0B9BC-902E-4C81-93FF-12ED1A13156C}.Debug|x86.ActiveCfg = Debug|Win32
		{F5B0B9BC-902E-4C81-93FF-12ED1A13156C}.Debug|x86.Build.0 = Debug|Win32
		{F5B0B9BC-902E-4C81-93FF-12ED1A13156C}.Release|x64.ActiveCfg = Release|x64
		{F5B0B9BC-902E-4C81-93FF-12ED1A13156C}.Release|x64.Build.0 = Release|x64
		{F5B0B9BC-902E-4C81-93FF-12ED1A13156C}.Release|x86.ActiveCfg = Release|Win32
		{F5B0B9BC-902E-4C81-93FF-12ED1A13156C}.Release|x86.Build.0 = Release|Win32
		{E5CC68D0-6E5F-4D36-8943-46579BCD531A}.Debug|x64.ActiveCfg = Debug|x64
		{E5CC68D0-6E5F-4D36-8943-46579BCD531A}.Debug|x64.Build.0 = Debug|x64
		{E5CC68D0-6E5F-4D36-8943-46579BCD531A}.Debug|x86.ActiveCfg = Debug|Win32
		{E5CC68D0-6E5F-4D36-8943-46579BCD531A}.Debug|x86.Build.0 = Debug|Win32
		{E5CC68D0-6E5F-4D36-8943-46579BCD531A}.Release|x64.ActiveCfg = Release|x64
		{E5CC68D0-6E5F-4D36-8943-46579BCD531A}.Release|x64.Build.0 = Release|x64
		{E5CC68D0-6E5F-4D36-8943-46579BCD531A}.Release|x86.ActiveCfg = Release|Win32
		{E5CC68D0-6E5F-4D36-8943-46579BCD531A}.Release|x86.Build.0 = Release|Win32
		{B7B22EF3-FB8E-4E9F-BF7F-02EC9350CB8E}.Debug|x64.ActiveCfg = Debug|x64
		{B7B22EF3-FB8E-4E9F-BF7F-02EC9350CB8E}.Debug|x64.Build.0 = Debug|x64
		{B7B22EF3-FB8E-4E9F-BF7F-02EC9350CB8E}.Debug|x86.ActiveCfg = Debug|Win32
		{B7B22EF3-FB8E-4E9F-BF7F-02EC9350CB8E}.Debug|x86.Build.0 = Debug|Win32
		{B7B22EF3-FB8E-4E9F-BF7F-02EC9350CB8E}.Release|x64.ActiveCfg = Release|x64
		{B7B22EF3-FB8E-4E9F-BF7F-02EC9350CB8E}.Release|x64.Build.0 = Release|x64
		{B7B22EF3-FB8E-4E9F-BF7F-02EC9350CB8E}.Release|x86.ActiveCfg = Release|Win32
		{B7B22EF3-FB8E-4E9F-BF7F-02EC9350CB8E}.Release|x86.Build.0 = Release|Win32
		{470FECDE-DB8A-4B87-B659-12AD248A13B0}.Debug|x64.ActiveCfg = Debug|x64
		{470FECDE-DB8A-4B87-B659-12AD248A13B0}.Debug|x64.Build.0 = Debug|x64
		{470FECDE-DB8A-4B87-B659-12AD248A13B0}.Debug|x86.ActiveCfg = Debug|Win32
		{470FECDE-DB8A-4B87-B659-12AD248A13B0}.Debug|x86.Build.0 = Debug|Win32
		{470FECDE-DB8A-4B87-B659-12AD248A13B0}.Release|x64.ActiveCfg = Release|x64
		{470FECDE-DB8A-4B87-B659-12AD248A13B0}.Release|x64.Build.0 = Release|x64
		{470FECDE-DB8A-4B87-B659-12AD248A13B0}.Release|x86.ActiveCfg = Release|Win32
		{470FECDE-DB8A-4B87-B659-12AD248A13B0}.Release|x86.Build.0 = Release|Win32
		{03D57935-8260-44C9-BBD1-95FEC4936494}.Debug|x64.ActiveCfg = Debug|x64
		{03D57935-8260-44C9-BBD1-95FEC4936494}.Debug|x64.Build.0 = Debug|x64
		{03D57935-8260-44C9-BBD1-95FEC4936494}.Debug|x86.ActiveCfg = Debug|Win32
		{03D57935-8260-44C9-BBD1-95FEC4936494}.Debug|x86.Build.0 = Debug|Win32
		{03D57935-8260-44C9-BBD1-95FEC4936494}.Release|x64.ActiveCfg = Release|x64
		{03D57935-8260-44C9-BBD1-95FEC4936494}.Release|x64.Build.0 = Release|x64
		{03D57935-8260-44C9-BBD1-95FEC4936494}.Release|x86.ActiveCfg = Release|Win32
		{03D57935-8260-44C9-BBD1-95FEC4936494}.Release|x86.Build.0 = Release|Win32
	EndGlobalSection
	GlobalSection(SolutionProperties) = preSolution
		HideSolutionNode = FALSE
	EndGlobalSection
	GlobalSection(ExtensibilityGlobals) = postSolution
		SolutionGuid = {1214B059-8652-4A6C-AF7B-FCE285B7BDB5}
	EndGlobalSection
EndGlobal
