
Microsoft Visual Studio Solution File, Format Version 12.00
# Visual Studio 15
VisualStudioVersion = 15.0.27130.2026
MinimumVisualStudioVersion = 10.0.40219.1
Project("{8BC9CEB8-8B4A-11D0-8D11-00A0C91BC942}") = "DbCore", "DbCore\DbCore.vcxproj", "{9EDDB1B5-90E6-4D4F-8B3B-DBA3E3FFDB7A}"
EndProject
Project("{8BC9CEB8-8B4A-11D0-8D11-00A0C91BC942}") = "DateTime", "DateTime\DateTime.vcxproj", "{C1E1F450-B7E1-4796-84D5-7D3C831DFF68}"
EndProject
Project("{2150E333-8FDC-42A3-9474-1A3956D46DE8}") = "Solution Items", "Solution Items", "{5CEBA480-2900-4D55-9F91-1030C5067BB2}"
	ProjectSection(SolutionItems) = preProject
		Build.txt = Build.txt
		ToDo.txt = ToDo.txt
	EndProjectSection
EndProject
Project("{8BC9CEB8-8B4A-11D0-8D11-00A0C91BC942}") = "StringUtilities", "Utilities\StringUtilities\Utilities.vcxproj", "{462B43B2-8B13-4178-BF2A-903F76F1985C}"
EndProject
Project("{8BC9CEB8-8B4A-11D0-8D11-00A0C91BC942}") = "Query", "Query\Query.vcxproj", "{5D1E35F1-6A7A-4FF8-A66E-8705D9F345B2}"
EndProject
Project("{8BC9CEB8-8B4A-11D0-8D11-00A0C91BC942}") = "XmlDocument", "XmlDocument\XmlDocument\XmlDocument.vcxproj", "{0A82ECDC-7520-453A-8F2C-D813FEEE7537}"
EndProject
Project("{8BC9CEB8-8B4A-11D0-8D11-00A0C91BC942}") = "Persistence", "Persistence\Persistence.vcxproj", "{8194B6C6-8086-4DE3-A38A-76E25A2F0AF2}"
	ProjectSection(ProjectDependencies) = postProject
		{0A82ECDC-7520-453A-8F2C-D813FEEE7537} = {0A82ECDC-7520-453A-8F2C-D813FEEE7537}
	EndProjectSection
EndProject
Project("{8BC9CEB8-8B4A-11D0-8D11-00A0C91BC942}") = "XmlElement", "XmlDocument\XmlElement\XmlElement.vcxproj", "{406B7BC4-3A0D-4E79-A55F-39E1FB33A5ED}"
EndProject
Project("{8BC9CEB8-8B4A-11D0-8D11-00A0C91BC942}") = "XmlElementParts", "XmlDocument\XmlElementParts\XmlElementParts.vcxproj", "{E683E9BA-1F9A-4236-BD75-288F90B1244C}"
EndProject
Project("{8BC9CEB8-8B4A-11D0-8D11-00A0C91BC942}") = "XmlParser", "XmlDocument\XmlParser\XmlParser.vcxproj", "{82A1627C-4365-4154-A360-301EB80F1521}"
EndProject
Project("{8BC9CEB8-8B4A-11D0-8D11-00A0C91BC942}") = "DbPayloads", "Payloads\Payloads.vcxproj", "{A2EAF7F6-8420-410F-BD91-8B3E7C91E781}"
EndProject
Project("{8BC9CEB8-8B4A-11D0-8D11-00A0C91BC942}") = "ConsoleColor", "ConsoleColor\ConsoleColor.vcxproj", "{7BFA6C54-764D-4074-A6E7-4A04E11C65B3}"
EndProject
Project("{8BC9CEB8-8B4A-11D0-8D11-00A0C91BC942}") = "TestExecutive", "TestExecutive\TestExecutive.vcxproj", "{20549C8E-3E22-41E0-87D7-567E390C7104}"
EndProject
Project("{8BC9CEB8-8B4A-11D0-8D11-00A0C91BC942}") = "TestCore", "TestCore\TestCore.vcxproj", "{0987B4D8-7EC7-4AE6-BA6C-4CB5E71C5F55}"
EndProject
Global
	GlobalSection(SolutionConfigurationPlatforms) = preSolution
		Debug|x64 = Debug|x64
		Debug|x86 = Debug|x86
		Release|x64 = Release|x64
		Release|x86 = Release|x86
	EndGlobalSection
	GlobalSection(ProjectConfigurationPlatforms) = postSolution
		{9EDDB1B5-90E6-4D4F-8B3B-DBA3E3FFDB7A}.Debug|x64.ActiveCfg = Debug|x64
		{9EDDB1B5-90E6-4D4F-8B3B-DBA3E3FFDB7A}.Debug|x64.Build.0 = Debug|x64
		{9EDDB1B5-90E6-4D4F-8B3B-DBA3E3FFDB7A}.Debug|x86.ActiveCfg = Debug|Win32
		{9EDDB1B5-90E6-4D4F-8B3B-DBA3E3FFDB7A}.Debug|x86.Build.0 = Debug|Win32
		{9EDDB1B5-90E6-4D4F-8B3B-DBA3E3FFDB7A}.Release|x64.ActiveCfg = Release|x64
		{9EDDB1B5-90E6-4D4F-8B3B-DBA3E3FFDB7A}.Release|x64.Build.0 = Release|x64
		{9EDDB1B5-90E6-4D4F-8B3B-DBA3E3FFDB7A}.Release|x86.ActiveCfg = Release|Win32
		{9EDDB1B5-90E6-4D4F-8B3B-DBA3E3FFDB7A}.Release|x86.Build.0 = Release|Win32
		{C1E1F450-B7E1-4796-84D5-7D3C831DFF68}.Debug|x64.ActiveCfg = Debug|x64
		{C1E1F450-B7E1-4796-84D5-7D3C831DFF68}.Debug|x64.Build.0 = Debug|x64
		{C1E1F450-B7E1-4796-84D5-7D3C831DFF68}.Debug|x86.ActiveCfg = Debug|Win32
		{C1E1F450-B7E1-4796-84D5-7D3C831DFF68}.Debug|x86.Build.0 = Debug|Win32
		{C1E1F450-B7E1-4796-84D5-7D3C831DFF68}.Release|x64.ActiveCfg = Release|x64
		{C1E1F450-B7E1-4796-84D5-7D3C831DFF68}.Release|x64.Build.0 = Release|x64
		{C1E1F450-B7E1-4796-84D5-7D3C831DFF68}.Release|x86.ActiveCfg = Release|Win32
		{C1E1F450-B7E1-4796-84D5-7D3C831DFF68}.Release|x86.Build.0 = Release|Win32
		{462B43B2-8B13-4178-BF2A-903F76F1985C}.Debug|x64.ActiveCfg = Debug|x64
		{462B43B2-8B13-4178-BF2A-903F76F1985C}.Debug|x64.Build.0 = Debug|x64
		{462B43B2-8B13-4178-BF2A-903F76F1985C}.Debug|x86.ActiveCfg = Debug|Win32
		{462B43B2-8B13-4178-BF2A-903F76F1985C}.Debug|x86.Build.0 = Debug|Win32
		{462B43B2-8B13-4178-BF2A-903F76F1985C}.Release|x64.ActiveCfg = Release|x64
		{462B43B2-8B13-4178-BF2A-903F76F1985C}.Release|x64.Build.0 = Release|x64
		{462B43B2-8B13-4178-BF2A-903F76F1985C}.Release|x86.ActiveCfg = Release|Win32
		{462B43B2-8B13-4178-BF2A-903F76F1985C}.Release|x86.Build.0 = Release|Win32
		{5D1E35F1-6A7A-4FF8-A66E-8705D9F345B2}.Debug|x64.ActiveCfg = Debug|x64
		{5D1E35F1-6A7A-4FF8-A66E-8705D9F345B2}.Debug|x64.Build.0 = Debug|x64
		{5D1E35F1-6A7A-4FF8-A66E-8705D9F345B2}.Debug|x86.ActiveCfg = Debug|Win32
		{5D1E35F1-6A7A-4FF8-A66E-8705D9F345B2}.Debug|x86.Build.0 = Debug|Win32
		{5D1E35F1-6A7A-4FF8-A66E-8705D9F345B2}.Release|x64.ActiveCfg = Release|x64
		{5D1E35F1-6A7A-4FF8-A66E-8705D9F345B2}.Release|x64.Build.0 = Release|x64
		{5D1E35F1-6A7A-4FF8-A66E-8705D9F345B2}.Release|x86.ActiveCfg = Release|Win32
		{5D1E35F1-6A7A-4FF8-A66E-8705D9F345B2}.Release|x86.Build.0 = Release|Win32
		{0A82ECDC-7520-453A-8F2C-D813FEEE7537}.Debug|x64.ActiveCfg = Debug|Win32
		{0A82ECDC-7520-453A-8F2C-D813FEEE7537}.Debug|x86.ActiveCfg = Debug|Win32
		{0A82ECDC-7520-453A-8F2C-D813FEEE7537}.Debug|x86.Build.0 = Debug|Win32
		{0A82ECDC-7520-453A-8F2C-D813FEEE7537}.Release|x64.ActiveCfg = Release|Win32
		{0A82ECDC-7520-453A-8F2C-D813FEEE7537}.Release|x86.ActiveCfg = Release|Win32
		{0A82ECDC-7520-453A-8F2C-D813FEEE7537}.Release|x86.Build.0 = Release|Win32
		{8194B6C6-8086-4DE3-A38A-76E25A2F0AF2}.Debug|x64.ActiveCfg = Debug|x64
		{8194B6C6-8086-4DE3-A38A-76E25A2F0AF2}.Debug|x64.Build.0 = Debug|x64
		{8194B6C6-8086-4DE3-A38A-76E25A2F0AF2}.Debug|x86.ActiveCfg = Debug|Win32
		{8194B6C6-8086-4DE3-A38A-76E25A2F0AF2}.Debug|x86.Build.0 = Debug|Win32
		{8194B6C6-8086-4DE3-A38A-76E25A2F0AF2}.Release|x64.ActiveCfg = Release|x64
		{8194B6C6-8086-4DE3-A38A-76E25A2F0AF2}.Release|x64.Build.0 = Release|x64
		{8194B6C6-8086-4DE3-A38A-76E25A2F0AF2}.Release|x86.ActiveCfg = Release|Win32
		{8194B6C6-8086-4DE3-A38A-76E25A2F0AF2}.Release|x86.Build.0 = Release|Win32
		{406B7BC4-3A0D-4E79-A55F-39E1FB33A5ED}.Debug|x64.ActiveCfg = Debug|Win32
		{406B7BC4-3A0D-4E79-A55F-39E1FB33A5ED}.Debug|x86.ActiveCfg = Debug|Win32
		{406B7BC4-3A0D-4E79-A55F-39E1FB33A5ED}.Debug|x86.Build.0 = Debug|Win32
		{406B7BC4-3A0D-4E79-A55F-39E1FB33A5ED}.Release|x64.ActiveCfg = Release|Win32
		{406B7BC4-3A0D-4E79-A55F-39E1FB33A5ED}.Release|x86.ActiveCfg = Release|Win32
		{406B7BC4-3A0D-4E79-A55F-39E1FB33A5ED}.Release|x86.Build.0 = Release|Win32
		{E683E9BA-1F9A-4236-BD75-288F90B1244C}.Debug|x64.ActiveCfg = Debug|Win32
		{E683E9BA-1F9A-4236-BD75-288F90B1244C}.Debug|x86.ActiveCfg = Debug|Win32
		{E683E9BA-1F9A-4236-BD75-288F90B1244C}.Debug|x86.Build.0 = Debug|Win32
		{E683E9BA-1F9A-4236-BD75-288F90B1244C}.Release|x64.ActiveCfg = Release|Win32
		{E683E9BA-1F9A-4236-BD75-288F90B1244C}.Release|x86.ActiveCfg = Release|Win32
		{E683E9BA-1F9A-4236-BD75-288F90B1244C}.Release|x86.Build.0 = Release|Win32
		{82A1627C-4365-4154-A360-301EB80F1521}.Debug|x64.ActiveCfg = Debug|Win32
		{82A1627C-4365-4154-A360-301EB80F1521}.Debug|x86.ActiveCfg = Debug|Win32
		{82A1627C-4365-4154-A360-301EB80F1521}.Debug|x86.Build.0 = Debug|Win32
		{82A1627C-4365-4154-A360-301EB80F1521}.Release|x64.ActiveCfg = Release|Win32
		{82A1627C-4365-4154-A360-301EB80F1521}.Release|x86.ActiveCfg = Release|Win32
		{82A1627C-4365-4154-A360-301EB80F1521}.Release|x86.Build.0 = Release|Win32
		{A2EAF7F6-8420-410F-BD91-8B3E7C91E781}.Debug|x64.ActiveCfg = Debug|x64
		{A2EAF7F6-8420-410F-BD91-8B3E7C91E781}.Debug|x64.Build.0 = Debug|x64
		{A2EAF7F6-8420-410F-BD91-8B3E7C91E781}.Debug|x86.ActiveCfg = Debug|Win32
		{A2EAF7F6-8420-410F-BD91-8B3E7C91E781}.Debug|x86.Build.0 = Debug|Win32
		{A2EAF7F6-8420-410F-BD91-8B3E7C91E781}.Release|x64.ActiveCfg = Release|x64
		{A2EAF7F6-8420-410F-BD91-8B3E7C91E781}.Release|x64.Build.0 = Release|x64
		{A2EAF7F6-8420-410F-BD91-8B3E7C91E781}.Release|x86.ActiveCfg = Release|Win32
		{A2EAF7F6-8420-410F-BD91-8B3E7C91E781}.Release|x86.Build.0 = Release|Win32
		{7BFA6C54-764D-4074-A6E7-4A04E11C65B3}.Debug|x64.ActiveCfg = Debug|x64
		{7BFA6C54-764D-4074-A6E7-4A04E11C65B3}.Debug|x64.Build.0 = Debug|x64
		{7BFA6C54-764D-4074-A6E7-4A04E11C65B3}.Debug|x86.ActiveCfg = Debug|Win32
		{7BFA6C54-764D-4074-A6E7-4A04E11C65B3}.Debug|x86.Build.0 = Debug|Win32
		{7BFA6C54-764D-4074-A6E7-4A04E11C65B3}.Release|x64.ActiveCfg = Release|x64
		{7BFA6C54-764D-4074-A6E7-4A04E11C65B3}.Release|x64.Build.0 = Release|x64
		{7BFA6C54-764D-4074-A6E7-4A04E11C65B3}.Release|x86.ActiveCfg = Release|Win32
		{7BFA6C54-764D-4074-A6E7-4A04E11C65B3}.Release|x86.Build.0 = Release|Win32
		{20549C8E-3E22-41E0-87D7-567E390C7104}.Debug|x64.ActiveCfg = Debug|x64
		{20549C8E-3E22-41E0-87D7-567E390C7104}.Debug|x64.Build.0 = Debug|x64
		{20549C8E-3E22-41E0-87D7-567E390C7104}.Debug|x86.ActiveCfg = Debug|Win32
		{20549C8E-3E22-41E0-87D7-567E390C7104}.Debug|x86.Build.0 = Debug|Win32
		{20549C8E-3E22-41E0-87D7-567E390C7104}.Release|x64.ActiveCfg = Release|x64
		{20549C8E-3E22-41E0-87D7-567E390C7104}.Release|x64.Build.0 = Release|x64
		{20549C8E-3E22-41E0-87D7-567E390C7104}.Release|x86.ActiveCfg = Release|Win32
		{20549C8E-3E22-41E0-87D7-567E390C7104}.Release|x86.Build.0 = Release|Win32
		{0987B4D8-7EC7-4AE6-BA6C-4CB5E71C5F55}.Debug|x64.ActiveCfg = Debug|x64
		{0987B4D8-7EC7-4AE6-BA6C-4CB5E71C5F55}.Debug|x64.Build.0 = Debug|x64
		{0987B4D8-7EC7-4AE6-BA6C-4CB5E71C5F55}.Debug|x86.ActiveCfg = Debug|Win32
		{0987B4D8-7EC7-4AE6-BA6C-4CB5E71C5F55}.Debug|x86.Build.0 = Debug|Win32
		{0987B4D8-7EC7-4AE6-BA6C-4CB5E71C5F55}.Release|x64.ActiveCfg = Release|x64
		{0987B4D8-7EC7-4AE6-BA6C-4CB5E71C5F55}.Release|x64.Build.0 = Release|x64
		{0987B4D8-7EC7-4AE6-BA6C-4CB5E71C5F55}.Release|x86.ActiveCfg = Release|Win32
		{0987B4D8-7EC7-4AE6-BA6C-4CB5E71C5F55}.Release|x86.Build.0 = Release|Win32
	EndGlobalSection
	GlobalSection(SolutionProperties) = preSolution
		HideSolutionNode = FALSE
	EndGlobalSection
	GlobalSection(ExtensibilityGlobals) = postSolution
		SolutionGuid = {03234BB4-4100-494A-9C05-D76DBA45E13F}
	EndGlobalSection
EndGlobal
